
Microsoft Visual Studio Solution File, Format Version 12.00
# Visual Studio Version 17
VisualStudioVersion = 17.2.32630.192
MinimumVisualStudioVersion = 10.0.40219.1
Project("{9A19103F-16F7-4668-BE54-9A1E7A4F7556}") = "Realization", "Realization\Realization.csproj", "{4CB55ED2-FBEE-471F-BBAB-C47AEAC34835}"
EndProject
Project("{9A19103F-16F7-4668-BE54-9A1E7A4F7556}") = "Memory", "Memory\Memory.csproj", "{02A8B32F-7418-4367-8B11-26315D9AB718}"
EndProject
Project("{9A19103F-16F7-4668-BE54-9A1E7A4F7556}") = "AzureLUIS", "AzureLUIS\AzureLUIS.csproj", "{3D66B834-4552-4F30-AFF6-40ED05EC72AC}"
EndProject
Project("{9A19103F-16F7-4668-BE54-9A1E7A4F7556}") = "Prompter", "Prompter\Prompter.csproj", "{E28BF2CD-8E6B-4BCC-AD04-E024DE2F6EEC}"
EndProject
Project("{FAE04EC0-301F-11D3-BF4B-00C04F79EFBC}") = "Weaviation", "Weaviation\Weaviation.csproj", "{09361C04-EAE0-46B9-BEBF-CC4C62A26257}"
EndProject
Global
	GlobalSection(SolutionConfigurationPlatforms) = preSolution
		Debug|Any CPU = Debug|Any CPU
		Release|Any CPU = Release|Any CPU
	EndGlobalSection
	GlobalSection(ProjectConfigurationPlatforms) = postSolution
		{4CB55ED2-FBEE-471F-BBAB-C47AEAC34835}.Debug|Any CPU.ActiveCfg = Debug|Any CPU
		{4CB55ED2-FBEE-471F-BBAB-C47AEAC34835}.Debug|Any CPU.Build.0 = Debug|Any CPU
		{4CB55ED2-FBEE-471F-BBAB-C47AEAC34835}.Release|Any CPU.ActiveCfg = Release|Any CPU
		{4CB55ED2-FBEE-471F-BBAB-C47AEAC34835}.Release|Any CPU.Build.0 = Release|Any CPU
		{02A8B32F-7418-4367-8B11-26315D9AB718}.Debug|Any CPU.ActiveCfg = Debug|Any CPU
		{02A8B32F-7418-4367-8B11-26315D9AB718}.Debug|Any CPU.Build.0 = Debug|Any CPU
		{02A8B32F-7418-4367-8B11-26315D9AB718}.Release|Any CPU.ActiveCfg = Release|Any CPU
		{02A8B32F-7418-4367-8B11-26315D9AB718}.Release|Any CPU.Build.0 = Release|Any CPU
		{3D66B834-4552-4F30-AFF6-40ED05EC72AC}.Debug|Any CPU.ActiveCfg = Debug|Any CPU
		{3D66B834-4552-4F30-AFF6-40ED05EC72AC}.Debug|Any CPU.Build.0 = Debug|Any CPU
		{3D66B834-4552-4F30-AFF6-40ED05EC72AC}.Release|Any CPU.ActiveCfg = Release|Any CPU
		{3D66B834-4552-4F30-AFF6-40ED05EC72AC}.Release|Any CPU.Build.0 = Release|Any CPU
		{E28BF2CD-8E6B-4BCC-AD04-E024DE2F6EEC}.Debug|Any CPU.ActiveCfg = Debug|Any CPU
		{E28BF2CD-8E6B-4BCC-AD04-E024DE2F6EEC}.Debug|Any CPU.Build.0 = Debug|Any CPU
		{E28BF2CD-8E6B-4BCC-AD04-E024DE2F6EEC}.Release|Any CPU.ActiveCfg = Release|Any CPU
		{E28BF2CD-8E6B-4BCC-AD04-E024DE2F6EEC}.Release|Any CPU.Build.0 = Release|Any CPU
		{09361C04-EAE0-46B9-BEBF-CC4C62A26257}.Debug|Any CPU.ActiveCfg = Debug|Any CPU
		{09361C04-EAE0-46B9-BEBF-CC4C62A26257}.Debug|Any CPU.Build.0 = Debug|Any CPU
		{09361C04-EAE0-46B9-BEBF-CC4C62A26257}.Release|Any CPU.ActiveCfg = Release|Any CPU
		{09361C04-EAE0-46B9-BEBF-CC4C62A26257}.Release|Any CPU.Build.0 = Release|Any CPU
	EndGlobalSection
	GlobalSection(SolutionProperties) = preSolution
		HideSolutionNode = FALSE
	EndGlobalSection
	GlobalSection(ExtensibilityGlobals) = postSolution
		SolutionGuid = {420757F3-A534-49DE-B1E8-1FBFBF7E44FA}
	EndGlobalSection
EndGlobal
